
Microsoft Visual Studio Solution File, Format Version 12.00
# Visual Studio Version 16
VisualStudioVersion = 16.0.29209.152
MinimumVisualStudioVersion = 10.0.40219.1
Project("{FAE04EC0-301F-11D3-BF4B-00C04F79EFBC}") = "Timer", "Timer\Timer.csproj", "{18A6DFFA-1100-4B3D-B4CF-4F6113BB6E93}"
EndProject
Global
	GlobalSection(SolutionConfigurationPlatforms) = preSolution
		Debug|Any CPU = Debug|Any CPU
		Release|Any CPU = Release|Any CPU
	EndGlobalSection
	GlobalSection(ProjectConfigurationPlatforms) = postSolution
		{18A6DFFA-1100-4B3D-B4CF-4F6113BB6E93}.Debug|Any CPU.ActiveCfg = Debug|Any CPU
		{18A6DFFA-1100-4B3D-B4CF-4F6113BB6E93}.Debug|Any CPU.Build.0 = Debug|Any CPU
		{18A6DFFA-1100-4B3D-B4CF-4F6113BB6E93}.Release|Any CPU.ActiveCfg = Release|Any CPU
		{18A6DFFA-1100-4B3D-B4CF-4F6113BB6E93}.Release|Any CPU.Build.0 = Release|Any CPU
	EndGlobalSection
	GlobalSection(SolutionProperties) = preSolution
		HideSolutionNode = FALSE
	EndGlobalSection
	GlobalSection(ExtensibilityGlobals) = postSolution
		SolutionGuid = {C81E026D-FC6A-4B7C-AF0C-13FFF97FF34E}
	EndGlobalSection
EndGlobal
